{
  "version": 4,
  "terraform_version": "1.14.8",
  "serial": 3,
  "lineage": "9a968fd6-3b96-4829-43fd-9e409dc61e8a",
  "outputs": {},
  "resources": [
    {
      "mode": "managed",
      "type": "render_project",
      "name": "api-python-flask",
      "provider": "provider[\"registry.terraform.io/render-oss/render\"]",
      "instances": [
        {
          "schema_version": 0,
          "attributes": {
            "environments": {
              "development": {
                "id": "evm-d7r0itugvqtc73b6fis0",
                "name": "development",
                "network_isolated": false,
                "protected_status": "unprotected"
              },
              "production": {
                "id": "evm-d7r0itugvqtc73b6fisg",
                "name": "production",
                "network_isolated": false,
                "protected_status": "unprotected"
              }
            },
            "id": "prj-d7r0itugvqtc73b6firg",
            "name": "api-python-flask"
          },
          "sensitive_attributes": [],
          "identity_schema_version": 0
        }
      ]
    },
    {
      "mode": "managed",
      "type": "render_web_service",
      "name": "api-python-flask-app",
      "provider": "provider[\"registry.terraform.io/render-oss/render\"]",
      "instances": [
        {
          "schema_version": 0,
          "attributes": {
            "active_custom_domains": null,
            "autoscaling": null,
            "custom_domains": null,
            "disk": null,
            "env_vars": null,
            "environment_id": "evm-d7r0itugvqtc73b6fis0",
            "health_check_path": "",
            "id": "srv-d7r0iu8sfn5c73bjm80g",
            "log_stream_override": null,
            "maintenance_mode": {
              "enabled": false,
              "uri": ""
            },
            "max_shutdown_delay_seconds": null,
            "name": "api-iscod",
            "notification_override": {
              "notifications_to_send": "default",
              "preview_notifications_enabled": "default"
            },
            "num_instances": null,
            "plan": "starter",
            "pre_deploy_command": null,
            "previews": {
              "generation": "off"
            },
            "pull_request_previews_enabled": false,
            "region": "frankfurt",
            "root_directory": "",
            "runtime_source": {
              "docker": null,
              "image": {
                "digest": null,
                "image_url": "ghcr.io/quentindubos80270/api-python-flask/api-iscod",
                "registry_credential_id": null,
                "tag": "latest"
              },
              "native_runtime": null
            },
            "secret_files": null,
            "slug": "api-iscod",
            "start_command": null,
            "url": "https://api-iscod.onrender.com"
          },
          "sensitive_attributes": [],
          "identity_schema_version": 0,
          "dependencies": [
            "render_project.api-python-flask"
          ]
        }
      ]
    }
  ],
  "check_results": null
}
